
Microsoft Visual Studio Solution File, Format Version 12.00
# Visual Studio Version 16
VisualStudioVersion = 16.0.29409.12
MinimumVisualStudioVersion = 10.0.40219.1
Project("{9A19103F-16F7-4668-BE54-9A1E7A4F7556}") = "projekt1.net", "projekt1.net\projekt1.net.csproj", "{0E4F22C3-1F25-4D98-9421-AEC09A7124C5}"
EndProject
Project("{FAE04EC0-301F-11D3-BF4B-00C04F79EFBC}") = "XUnitTestProject2", "XUnitTestProject2\XUnitTestProject2.csproj", "{FA4D1781-59A5-4805-BD3C-DF4B541E4675}"
EndProject
Project("{FAE04EC0-301F-11D3-BF4B-00C04F79EFBC}") = "JobOfferApp.AutomatedUITests", "JobOfferApp.AutomatedUITests\JobOfferApp.AutomatedUITests.csproj", "{9C919B9F-4A31-467B-AE67-B3AD55FDFD85}"
EndProject
Global
	GlobalSection(SolutionConfigurationPlatforms) = preSolution
		Debug|Any CPU = Debug|Any CPU
		Release|Any CPU = Release|Any CPU
	EndGlobalSection
	GlobalSection(ProjectConfigurationPlatforms) = postSolution
		{0E4F22C3-1F25-4D98-9421-AEC09A7124C5}.Debug|Any CPU.ActiveCfg = Debug|Any CPU
		{0E4F22C3-1F25-4D98-9421-AEC09A7124C5}.Debug|Any CPU.Build.0 = Debug|Any CPU
		{0E4F22C3-1F25-4D98-9421-AEC09A7124C5}.Release|Any CPU.ActiveCfg = Release|Any CPU
		{0E4F22C3-1F25-4D98-9421-AEC09A7124C5}.Release|Any CPU.Build.0 = Release|Any CPU
		{FA4D1781-59A5-4805-BD3C-DF4B541E4675}.Debug|Any CPU.ActiveCfg = Debug|Any CPU
		{FA4D1781-59A5-4805-BD3C-DF4B541E4675}.Debug|Any CPU.Build.0 = Debug|Any CPU
		{FA4D1781-59A5-4805-BD3C-DF4B541E4675}.Release|Any CPU.ActiveCfg = Release|Any CPU
		{FA4D1781-59A5-4805-BD3C-DF4B541E4675}.Release|Any CPU.Build.0 = Release|Any CPU
		{9C919B9F-4A31-467B-AE67-B3AD55FDFD85}.Debug|Any CPU.ActiveCfg = Debug|Any CPU
		{9C919B9F-4A31-467B-AE67-B3AD55FDFD85}.Debug|Any CPU.Build.0 = Debug|Any CPU
		{9C919B9F-4A31-467B-AE67-B3AD55FDFD85}.Release|Any CPU.ActiveCfg = Release|Any CPU
		{9C919B9F-4A31-467B-AE67-B3AD55FDFD85}.Release|Any CPU.Build.0 = Release|Any CPU
	EndGlobalSection
	GlobalSection(SolutionProperties) = preSolution
		HideSolutionNode = FALSE
	EndGlobalSection
	GlobalSection(ExtensibilityGlobals) = postSolution
		SolutionGuid = {F151658E-5888-4D00-9424-2040DC666FCF}
	EndGlobalSection
EndGlobal
